
Microsoft Visual Studio Solution File, Format Version 12.00
# Visual Studio Version 17
VisualStudioVersion = 17.5.33414.496
MinimumVisualStudioVersion = 10.0.40219.1
Project("{FAE04EC0-301F-11D3-BF4B-00C04F79EFBC}") = "Sorter", "Sorter.csproj", "{2FD1E08A-5352-4B3B-902C-55BCE1B29F1C}"
EndProject
Global
	GlobalSection(SolutionConfigurationPlatforms) = preSolution
		Debug|Any CPU = Debug|Any CPU
		Release|Any CPU = Release|Any CPU
	EndGlobalSection
	GlobalSection(ProjectConfigurationPlatforms) = postSolution
		{2FD1E08A-5352-4B3B-902C-55BCE1B29F1C}.Debug|Any CPU.ActiveCfg = Debug|Any CPU
		{2FD1E08A-5352-4B3B-902C-55BCE1B29F1C}.Debug|Any CPU.Build.0 = Debug|Any CPU
		{2FD1E08A-5352-4B3B-902C-55BCE1B29F1C}.Release|Any CPU.ActiveCfg = Release|Any CPU
		{2FD1E08A-5352-4B3B-902C-55BCE1B29F1C}.Release|Any CPU.Build.0 = Release|Any CPU
	EndGlobalSection
	GlobalSection(SolutionProperties) = preSolution
		HideSolutionNode = FALSE
	EndGlobalSection
	GlobalSection(ExtensibilityGlobals) = postSolution
		SolutionGuid = {F9DDA999-1C6A-4CD9-9CDF-4756FE54BC9B}
	EndGlobalSection
EndGlobal
